// !$*UTF8*$!
{
	archiveVersion = 1;
	classes = {
	};
	objectVersion = 46;
	objects = {

/* Begin PBXBuildFile section */
		1FB0BD1E1F4730E7009387AC /* main.cpp in Sources */ = {isa = PBXBuildFile; fileRef = 1FB0BD1D1F4730E7009387AC /* main.cpp */; };
		1FB0BD341F474A8B009387AC /* EdsStrings.cpp in Sources */ = {isa = PBXBuildFile; fileRef = 1FB0BD321F474A8B009387AC /* EdsStrings.cpp */; };
		1FB0BD351F4782F3009387AC /* EDSDK.framework in Frameworks */ = {isa = PBXBuildFile; fileRef = 1FB0BD281F473272009387AC /* EDSDK.framework */; };
		1FE01BA01F4B500600A49F84 /* CoreFoundation.framework in Frameworks */ = {isa = PBXBuildFile; fileRef = 1FE01B9F1F4B500600A49F84 /* CoreFoundation.framework */; };
/* End PBXBuildFile section */

/* Begin PBXCopyFilesBuildPhase section */
		1FB0BD181F4730E6009387AC /* CopyFiles */ = {
			isa = PBXCopyFilesBuildPhase;
			buildActionMask = 12;
			dstPath = "";
			dstSubfolderSpec = 10;
			files = (
			);
			runOnlyForDeploymentPostprocessing = 0;
		};
/* End PBXCopyFilesBuildPhase section */

/* Begin PBXFileReference section */
		1FB0BD1A1F4730E7009387AC /* canon-video-capture */ = {isa = PBXFileReference; explicitFileType = "compiled.mach-o.executable"; includeInIndex = 0; path = "canon-video-capture"; sourceTree = BUILT_PRODUCTS_DIR; };
		1FB0BD1D1F4730E7009387AC /* main.cpp */ = {isa = PBXFileReference; lastKnownFileType = sourcecode.cpp.cpp; path = main.cpp; sourceTree = "<group>"; };
		1FB0BD241F47325C009387AC /* EDSDK */ = {isa = PBXFileReference; lastKnownFileType = folder; path = EDSDK; sourceTree = SOURCE_ROOT; };
		1FB0BD261F473270009387AC /* DPP.framework */ = {isa = PBXFileReference; lastKnownFileType = wrapper.framework; name = DPP.framework; path = EDSDK/Framework/DPP.framework; sourceTree = "<group>"; };
		1FB0BD281F473272009387AC /* EDSDK.framework */ = {isa = PBXFileReference; lastKnownFileType = wrapper.framework; name = EDSDK.framework; path = EDSDK/Framework/EDSDK.framework; sourceTree = "<group>"; };
		1FB0BD2A1F47344F009387AC /* cxxopts.hpp */ = {isa = PBXFileReference; fileEncoding = 4; lastKnownFileType = sourcecode.cpp.h; path = cxxopts.hpp; sourceTree = "<group>"; };
		1FB0BD321F474A8B009387AC /* EdsStrings.cpp */ = {isa = PBXFileReference; fileEncoding = 4; lastKnownFileType = sourcecode.cpp.cpp; path = EdsStrings.cpp; sourceTree = "<group>"; };
		1FB0BD331F474A8B009387AC /* EdsStrings.h */ = {isa = PBXFileReference; fileEncoding = 4; lastKnownFileType = sourcecode.c.h; path = EdsStrings.h; sourceTree = "<group>"; };
		1FB0BD391F4B1624009387AC /* config.xcconfig */ = {isa = PBXFileReference; fileEncoding = 4; lastKnownFileType = text.xcconfig; path = config.xcconfig; sourceTree = "<group>"; };
		1FE01B9F1F4B500600A49F84 /* CoreFoundation.framework */ = {isa = PBXFileReference; lastKnownFileType = wrapper.framework; name = CoreFoundation.framework; path = System/Library/Frameworks/CoreFoundation.framework; sourceTree = SDKROOT; };
/* End PBXFileReference section */

/* Begin PBXFrameworksBuildPhase section */
		1FB0BD171F4730E6009387AC /* Frameworks */ = {
			isa = PBXFrameworksBuildPhase;
			buildActionMask = 2147483647;
			files = (
				1FE01BA01F4B500600A49F84 /* CoreFoundation.framework in Frameworks */,
				1FB0BD351F4782F3009387AC /* EDSDK.framework in Frameworks */,
			);
			runOnlyForDeploymentPostprocessing = 0;
		};
/* End PBXFrameworksBuildPhase section */

/* Begin PBXGroup section */
		1FB0BD111F4730E6009387AC = {
			isa = PBXGroup;
			children = (
				1FB0BD391F4B1624009387AC /* config.xcconfig */,
				1FB0BD1C1F4730E7009387AC /* canon-video-capture */,
				1FB0BD1B1F4730E7009387AC /* Products */,
				1FB0BD251F473270009387AC /* Frameworks */,
			);
			sourceTree = "<group>";
		};
		1FB0BD1B1F4730E7009387AC /* Products */ = {
			isa = PBXGroup;
			children = (
				1FB0BD1A1F4730E7009387AC /* canon-video-capture */,
			);
			name = Products;
			sourceTree = "<group>";
		};
		1FB0BD1C1F4730E7009387AC /* canon-video-capture */ = {
			isa = PBXGroup;
			children = (
				1FB0BD1D1F4730E7009387AC /* main.cpp */,
				1FB0BD2A1F47344F009387AC /* cxxopts.hpp */,
				1FB0BD321F474A8B009387AC /* EdsStrings.cpp */,
				1FB0BD331F474A8B009387AC /* EdsStrings.h */,
				1FB0BD241F47325C009387AC /* EDSDK */,
			);
			path = "canon-video-capture";
			sourceTree = "<group>";
		};
		1FB0BD251F473270009387AC /* Frameworks */ = {
			isa = PBXGroup;
			children = (
				1FE01B9F1F4B500600A49F84 /* CoreFoundation.framework */,
				1FB0BD281F473272009387AC /* EDSDK.framework */,
				1FB0BD261F473270009387AC /* DPP.framework */,
			);
			name = Frameworks;
			sourceTree = "<group>";
		};
/* End PBXGroup section */

/* Begin PBXNativeTarget section */
		1FB0BD191F4730E6009387AC /* canon-video-capture */ = {
			isa = PBXNativeTarget;
			buildConfigurationList = 1FB0BD211F4730E7009387AC /* Build configuration list for PBXNativeTarget "canon-video-capture" */;
			buildPhases = (
				1FB0BD161F4730E6009387AC /* Sources */,
				1FB0BD171F4730E6009387AC /* Frameworks */,
				1FB0BD181F4730E6009387AC /* CopyFiles */,
			);
			buildRules = (
			);
			dependencies = (
			);
			name = "canon-video-capture";
			productName = "canon-video-capture";
			productReference = 1FB0BD1A1F4730E7009387AC /* canon-video-capture */;
			productType = "com.apple.product-type.tool";
		};
/* End PBXNativeTarget section */

/* Begin PBXProject section */
		1FB0BD121F4730E6009387AC /* Project object */ = {
			isa = PBXProject;
			attributes = {
				LastUpgradeCheck = 0830;
				ORGANIZATIONNAME = "See-through Lab";
				TargetAttributes = {
					1FB0BD191F4730E6009387AC = {
						CreatedOnToolsVersion = 8.3.3;
						DevelopmentTeam = 7JL9RZ9C8P;
						ProvisioningStyle = Automatic;
					};
				};
			};
			buildConfigurationList = 1FB0BD151F4730E6009387AC /* Build configuration list for PBXProject "canon-video-capture" */;
			compatibilityVersion = "Xcode 3.2";
			developmentRegion = English;
			hasScannedForEncodings = 0;
			knownRegions = (
				en,
			);
			mainGroup = 1FB0BD111F4730E6009387AC;
			productRefGroup = 1FB0BD1B1F4730E7009387AC /* Products */;
			projectDirPath = "";
			projectRoot = "";
			targets = (
				1FB0BD191F4730E6009387AC /* canon-video-capture */,
			);
		};
/* End PBXProject section */

/* Begin PBXSourcesBuildPhase section */
		1FB0BD161F4730E6009387AC /* Sources */ = {
			isa = PBXSourcesBuildPhase;
			buildActionMask = 2147483647;
			files = (
				1FB0BD1E1F4730E7009387AC /* main.cpp in Sources */,
				1FB0BD341F474A8B009387AC /* EdsStrings.cpp in Sources */,
			);
			runOnlyForDeploymentPostprocessing = 0;
		};
/* End PBXSourcesBuildPhase section */

/* Begin XCBuildConfiguration section */
		1FB0BD1F1F4730E7009387AC /* Debug */ = {
			isa = XCBuildConfiguration;
			buildSettings = {
				ALWAYS_SEARCH_USER_PATHS = NO;
				CLANG_ANALYZER_NONNULL = YES;
				CLANG_ANALYZER_NUMBER_OBJECT_CONVERSION = YES_AGGRESSIVE;
				CLANG_CXX_LANGUAGE_STANDARD = "gnu++0x";
				CLANG_CXX_LIBRARY = "libc++";
				CLANG_ENABLE_MODULES = YES;
				CLANG_ENABLE_OBJC_ARC = YES;
				CLANG_WARN_BOOL_CONVERSION = YES;
				CLANG_WARN_CONSTANT_CONVERSION = YES;
				CLANG_WARN_DIRECT_OBJC_ISA_USAGE = YES_ERROR;
				CLANG_WARN_DOCUMENTATION_COMMENTS = YES;
				CLANG_WARN_EMPTY_BODY = YES;
				CLANG_WARN_ENUM_CONVERSION = YES;
				CLANG_WARN_INFINITE_RECURSION = YES;
				CLANG_WARN_INT_CONVERSION = YES;
				CLANG_WARN_OBJC_ROOT_CLASS = YES_ERROR;
				CLANG_WARN_SUSPICIOUS_MOVE = YES;
				CLANG_WARN_UNREACHABLE_CODE = YES;
				CLANG_WARN__DUPLICATE_METHOD_MATCH = YES;
				CODE_SIGN_IDENTITY = "-";
				COPY_PHASE_STRIP = NO;
				DEBUG_INFORMATION_FORMAT = dwarf;
				ENABLE_STRICT_OBJC_MSGSEND = YES;
				ENABLE_TESTABILITY = YES;
				GCC_C_LANGUAGE_STANDARD = gnu99;
				GCC_DYNAMIC_NO_PIC = NO;
				GCC_NO_COMMON_BLOCKS = YES;
				GCC_OPTIMIZATION_LEVEL = 0;
				GCC_PREPROCESSOR_DEFINITIONS = (
					"DEBUG=1",
					"$(inherited)",
				);
				GCC_WARN_64_TO_32_BIT_CONVERSION = YES;
				GCC_WARN_ABOUT_RETURN_TYPE = YES_ERROR;
				GCC_WARN_UNDECLARED_SELECTOR = YES;
				GCC_WARN_UNINITIALIZED_AUTOS = YES_AGGRESSIVE;
				GCC_WARN_UNUSED_FUNCTION = YES;
				GCC_WARN_UNUSED_VARIABLE = YES;
				MACOSX_DEPLOYMENT_TARGET = 10.12;
				MTL_ENABLE_DEBUG_INFO = YES;
				ONLY_ACTIVE_ARCH = YES;
				SDKROOT = macosx;
			};
			name = Debug;
		};
		1FB0BD201F4730E7009387AC /* Release */ = {
			isa = XCBuildConfiguration;
			buildSettings = {
				ALWAYS_SEARCH_USER_PATHS = NO;
				CLANG_ANALYZER_NONNULL = YES;
				CLANG_ANALYZER_NUMBER_OBJECT_CONVERSION = YES_AGGRESSIVE;
				CLANG_CXX_LANGUAGE_STANDARD = "gnu++0x";
				CLANG_CXX_LIBRARY = "libc++";
				CLANG_ENABLE_MODULES = YES;
				CLANG_ENABLE_OBJC_ARC = YES;
				CLANG_WARN_BOOL_CONVERSION = YES;
				CLANG_WARN_CONSTANT_CONVERSION = YES;
				CLANG_WARN_DIRECT_OBJC_ISA_USAGE = YES_ERROR;
				CLANG_WARN_DOCUMENTATION_COMMENTS = YES;
				CLANG_WARN_EMPTY_BODY = YES;
				CLANG_WARN_ENUM_CONVERSION = YES;
				CLANG_WARN_INFINITE_RECURSION = YES;
				CLANG_WARN_INT_CONVERSION = YES;
				CLANG_WARN_OBJC_ROOT_CLASS = YES_ERROR;
				CLANG_WARN_SUSPICIOUS_MOVE = YES;
				CLANG_WARN_UNREACHABLE_CODE = YES;
				CLANG_WARN__DUPLICATE_METHOD_MATCH = YES;
				CODE_SIGN_IDENTITY = "-";
				COPY_PHASE_STRIP = NO;
				DEBUG_INFORMATION_FORMAT = "dwarf-with-dsym";
				ENABLE_NS_ASSERTIONS = NO;
				ENABLE_STRICT_OBJC_MSGSEND = YES;
				GCC_C_LANGUAGE_STANDARD = gnu99;
				GCC_NO_COMMON_BLOCKS = YES;
				GCC_WARN_64_TO_32_BIT_CONVERSION = YES;
				GCC_WARN_ABOUT_RETURN_TYPE = YES_ERROR;
				GCC_WARN_UNDECLARED_SELECTOR = YES;
				GCC_WARN_UNINITIALIZED_AUTOS = YES_AGGRESSIVE;
				GCC_WARN_UNUSED_FUNCTION = YES;
				GCC_WARN_UNUSED_VARIABLE = YES;
				MACOSX_DEPLOYMENT_TARGET = 10.12;
				MTL_ENABLE_DEBUG_INFO = NO;
				SDKROOT = macosx;
			};
			name = Release;
		};
		1FB0BD221F4730E7009387AC /* Debug */ = {
			isa = XCBuildConfiguration;
			baseConfigurationReference = 1FB0BD391F4B1624009387AC /* config.xcconfig */;
			buildSettings = {
				DEVELOPMENT_TEAM = 7JL9RZ9C8P;
				FRAMEWORK_SEARCH_PATHS = (
					"$(inherited)",
					"$(PROJECT_DIR)/EDSDK/Framework",
				);
				HEADER_SEARCH_PATHS = "\"$(SRCROOT)/EDSDK/Header\"";
				PRODUCT_NAME = "$(TARGET_NAME)";
			};
			name = Debug;
		};
		1FB0BD231F4730E7009387AC /* Release */ = {
			isa = XCBuildConfiguration;
			baseConfigurationReference = 1FB0BD391F4B1624009387AC /* config.xcconfig */;
			buildSettings = {
				DEVELOPMENT_TEAM = 7JL9RZ9C8P;
				FRAMEWORK_SEARCH_PATHS = (
					"$(inherited)",
					"$(PROJECT_DIR)/EDSDK/Framework",
				);
				HEADER_SEARCH_PATHS = "\"$(SRCROOT)/EDSDK/Header\"";
				PRODUCT_NAME = "$(TARGET_NAME)";
			};
			name = Release;
		};
/* End XCBuildConfiguration section */

/* Begin XCConfigurationList section */
		1FB0BD151F4730E6009387AC /* Build configuration list for PBXProject "canon-video-capture" */ = {
			isa = XCConfigurationList;
			buildConfigurations = (
				1FB0BD1F1F4730E7009387AC /* Debug */,
				1FB0BD201F4730E7009387AC /* Release */,
			);
			defaultConfigurationIsVisible = 0;
			defaultConfigurationName = Release;
		};
		1FB0BD211F4730E7009387AC /* Build configuration list for PBXNativeTarget "canon-video-capture" */ = {
			isa = XCConfigurationList;
			buildConfigurations = (
				1FB0BD221F4730E7009387AC /* Debug */,
				1FB0BD231F4730E7009387AC /* Release */,
			);
			defaultConfigurationIsVisible = 0;
			defaultConfigurationName = Release;
		};
/* End XCConfigurationList section */
	};
	rootObject = 1FB0BD121F4730E6009387AC /* Project object */;
}
